
Microsoft Visual Studio Solution File, Format Version 12.00
# Visual Studio Version 17
VisualStudioVersion = 17.9.34701.34
MinimumVisualStudioVersion = 10.0.40219.1
Project("{8BC9CEB8-8B4A-11D0-8D11-00A0C91BC942}") = "Lecture03-HW", "Lecture03-HW\Lecture03-HW.vcxproj", "{24E4424C-9322-4A85-8F9A-8389FA511391}"
EndProject
Project("{8BC9CEB8-8B4A-11D0-8D11-00A0C91BC942}") = "Lecture04", "Lecture04\Lecture04.vcxproj", "{37114E27-2FDA-43BA-B5A9-9F9C233D4935}"
EndProject
Project("{8BC9CEB8-8B4A-11D0-8D11-00A0C91BC942}") = "Lecture05-HW", "Lecture05-HW\Lecture05-HW.vcxproj", "{35B58B27-2689-40AC-A6E2-38C0831E1530}"
EndProject
Project("{8BC9CEB8-8B4A-11D0-8D11-00A0C91BC942}") = "Lecture05", "Lecture05\Lecture05.vcxproj", "{9C3C7CC0-927E-4BB3-B2E2-DB7EE2B1BA32}"
EndProject
Project("{8BC9CEB8-8B4A-11D0-8D11-00A0C91BC942}") = "Lecture03", "Lecture03\Lecture03.vcxproj", "{75164276-6B51-42E9-8C5B-1EA9A4F4FC13}"
EndProject
Project("{8BC9CEB8-8B4A-11D0-8D11-00A0C91BC942}") = "Lecture04-HW", "Lecture04-HW\Lecture04-HW.vcxproj", "{91E7A960-888E-41BE-8015-8B8A247AC8AB}"
EndProject
Project("{8BC9CEB8-8B4A-11D0-8D11-00A0C91BC942}") = "Lecture06", "Lecture06\Lecture06.vcxproj", "{7414C9FB-81C4-4E0C-8A86-65E197783C99}"
EndProject
Project("{8BC9CEB8-8B4A-11D0-8D11-00A0C91BC942}") = "Lecture06-HW", "Lecture06-HW\Lecture06-HW.vcxproj", "{35950B2E-FF27-42AE-A18D-098BBADA2F49}"
EndProject
Project("{8BC9CEB8-8B4A-11D0-8D11-00A0C91BC942}") = "Lecture07", "Lecture07\Lecture07.vcxproj", "{3C64A6A9-072F-40F1-A78A-2D4E4BD5BE6E}"
EndProject
Project("{8BC9CEB8-8B4A-11D0-8D11-00A0C91BC942}") = "Lecture08", "Lecture08\Lecture08.vcxproj", "{2221516A-F922-4327-B0EE-957CE92D9E27}"
EndProject
Project("{8BC9CEB8-8B4A-11D0-8D11-00A0C91BC942}") = "Lecture10-HW", "Lecture10-HW\Lecture10-HW.vcxproj", "{F64ED468-FA55-41F7-8518-F4980A2D4B68}"
EndProject
Project("{8BC9CEB8-8B4A-11D0-8D11-00A0C91BC942}") = "Lecture11", "Lecture11\Lecture11.vcxproj", "{488384DC-64D9-4C47-9283-CD00B64EA66A}"
EndProject
Project("{8BC9CEB8-8B4A-11D0-8D11-00A0C91BC942}") = "Lecture13", "Lecture13\Lecture13.vcxproj", "{AB0498C0-4B04-49C9-B6EE-940038C13680}"
EndProject
Global
	GlobalSection(SolutionConfigurationPlatforms) = preSolution
		Debug|x64 = Debug|x64
		Debug|x86 = Debug|x86
		Release|x64 = Release|x64
		Release|x86 = Release|x86
	EndGlobalSection
	GlobalSection(ProjectConfigurationPlatforms) = postSolution
		{24E4424C-9322-4A85-8F9A-8389FA511391}.Debug|x64.ActiveCfg = Debug|x64
		{24E4424C-9322-4A85-8F9A-8389FA511391}.Debug|x64.Build.0 = Debug|x64
		{24E4424C-9322-4A85-8F9A-8389FA511391}.Debug|x86.ActiveCfg = Debug|Win32
		{24E4424C-9322-4A85-8F9A-8389FA511391}.Debug|x86.Build.0 = Debug|Win32
		{24E4424C-9322-4A85-8F9A-8389FA511391}.Release|x64.ActiveCfg = Release|x64
		{24E4424C-9322-4A85-8F9A-8389FA511391}.Release|x64.Build.0 = Release|x64
		{24E4424C-9322-4A85-8F9A-8389FA511391}.Release|x86.ActiveCfg = Release|Win32
		{24E4424C-9322-4A85-8F9A-8389FA511391}.Release|x86.Build.0 = Release|Win32
		{37114E27-2FDA-43BA-B5A9-9F9C233D4935}.Debug|x64.ActiveCfg = Debug|x64
		{37114E27-2FDA-43BA-B5A9-9F9C233D4935}.Debug|x64.Build.0 = Debug|x64
		{37114E27-2FDA-43BA-B5A9-9F9C233D4935}.Debug|x86.ActiveCfg = Debug|Win32
		{37114E27-2FDA-43BA-B5A9-9F9C233D4935}.Debug|x86.Build.0 = Debug|Win32
		{37114E27-2FDA-43BA-B5A9-9F9C233D4935}.Release|x64.ActiveCfg = Release|x64
		{37114E27-2FDA-43BA-B5A9-9F9C233D4935}.Release|x64.Build.0 = Release|x64
		{37114E27-2FDA-43BA-B5A9-9F9C233D4935}.Release|x86.ActiveCfg = Release|Win32
		{37114E27-2FDA-43BA-B5A9-9F9C233D4935}.Release|x86.Build.0 = Release|Win32
		{35B58B27-2689-40AC-A6E2-38C0831E1530}.Debug|x64.ActiveCfg = Debug|x64
		{35B58B27-2689-40AC-A6E2-38C0831E1530}.Debug|x64.Build.0 = Debug|x64
		{35B58B27-2689-40AC-A6E2-38C0831E1530}.Debug|x86.ActiveCfg = Debug|Win32
		{35B58B27-2689-40AC-A6E2-38C0831E1530}.Debug|x86.Build.0 = Debug|Win32
		{35B58B27-2689-40AC-A6E2-38C0831E1530}.Release|x64.ActiveCfg = Release|x64
		{35B58B27-2689-40AC-A6E2-38C0831E1530}.Release|x64.Build.0 = Release|x64
		{35B58B27-2689-40AC-A6E2-38C0831E1530}.Release|x86.ActiveCfg = Release|Win32
		{35B58B27-2689-40AC-A6E2-38C0831E1530}.Release|x86.Build.0 = Release|Win32
		{9C3C7CC0-927E-4BB3-B2E2-DB7EE2B1BA32}.Debug|x64.ActiveCfg = Debug|x64
		{9C3C7CC0-927E-4BB3-B2E2-DB7EE2B1BA32}.Debug|x64.Build.0 = Debug|x64
		{9C3C7CC0-927E-4BB3-B2E2-DB7EE2B1BA32}.Debug|x86.ActiveCfg = Debug|Win32
		{9C3C7CC0-927E-4BB3-B2E2-DB7EE2B1BA32}.Debug|x86.Build.0 = Debug|Win32
		{9C3C7CC0-927E-4BB3-B2E2-DB7EE2B1BA32}.Release|x64.ActiveCfg = Release|x64
		{9C3C7CC0-927E-4BB3-B2E2-DB7EE2B1BA32}.Release|x64.Build.0 = Release|x64
		{9C3C7CC0-927E-4BB3-B2E2-DB7EE2B1BA32}.Release|x86.ActiveCfg = Release|Win32
		{9C3C7CC0-927E-4BB3-B2E2-DB7EE2B1BA32}.Release|x86.Build.0 = Release|Win32
		{75164276-6B51-42E9-8C5B-1EA9A4F4FC13}.Debug|x64.ActiveCfg = Debug|x64
		{75164276-6B51-42E9-8C5B-1EA9A4F4FC13}.Debug|x64.Build.0 = Debug|x64
		{75164276-6B51-42E9-8C5B-1EA9A4F4FC13}.Debug|x86.ActiveCfg = Debug|Win32
		{75164276-6B51-42E9-8C5B-1EA9A4F4FC13}.Debug|x86.Build.0 = Debug|Win32
		{75164276-6B51-42E9-8C5B-1EA9A4F4FC13}.Release|x64.ActiveCfg = Release|x64
		{75164276-6B51-42E9-8C5B-1EA9A4F4FC13}.Release|x64.Build.0 = Release|x64
		{75164276-6B51-42E9-8C5B-1EA9A4F4FC13}.Release|x86.ActiveCfg = Release|Win32
		{75164276-6B51-42E9-8C5B-1EA9A4F4FC13}.Release|x86.Build.0 = Release|Win32
		{91E7A960-888E-41BE-8015-8B8A247AC8AB}.Debug|x64.ActiveCfg = Debug|x64
		{91E7A960-888E-41BE-8015-8B8A247AC8AB}.Debug|x64.Build.0 = Debug|x64
		{91E7A960-888E-41BE-8015-8B8A247AC8AB}.Debug|x86.ActiveCfg = Debug|Win32
		{91E7A960-888E-41BE-8015-8B8A247AC8AB}.Debug|x86.Build.0 = Debug|Win32
		{91E7A960-888E-41BE-8015-8B8A247AC8AB}.Release|x64.ActiveCfg = Release|x64
		{91E7A960-888E-41BE-8015-8B8A247AC8AB}.Release|x64.Build.0 = Release|x64
		{91E7A960-888E-41BE-8015-8B8A247AC8AB}.Release|x86.ActiveCfg = Release|Win32
		{91E7A960-888E-41BE-8015-8B8A247AC8AB}.Release|x86.Build.0 = Release|Win32
		{7414C9FB-81C4-4E0C-8A86-65E197783C99}.Debug|x64.ActiveCfg = Debug|x64
		{7414C9FB-81C4-4E0C-8A86-65E197783C99}.Debug|x64.Build.0 = Debug|x64
		{7414C9FB-81C4-4E0C-8A86-65E197783C99}.Debug|x86.ActiveCfg = Debug|Win32
		{7414C9FB-81C4-4E0C-8A86-65E197783C99}.Debug|x86.Build.0 = Debug|Win32
		{7414C9FB-81C4-4E0C-8A86-65E197783C99}.Release|x64.ActiveCfg = Release|x64
		{7414C9FB-81C4-4E0C-8A86-65E197783C99}.Release|x64.Build.0 = Release|x64
		{7414C9FB-81C4-4E0C-8A86-65E197783C99}.Release|x86.ActiveCfg = Release|Win32
		{7414C9FB-81C4-4E0C-8A86-65E197783C99}.Release|x86.Build.0 = Release|Win32
		{35950B2E-FF27-42AE-A18D-098BBADA2F49}.Debug|x64.ActiveCfg = Debug|x64
		{35950B2E-FF27-42AE-A18D-098BBADA2F49}.Debug|x64.Build.0 = Debug|x64
		{35950B2E-FF27-42AE-A18D-098BBADA2F49}.Debug|x86.ActiveCfg = Debug|Win32
		{35950B2E-FF27-42AE-A18D-098BBADA2F49}.Debug|x86.Build.0 = Debug|Win32
		{35950B2E-FF27-42AE-A18D-098BBADA2F49}.Release|x64.ActiveCfg = Release|x64
		{35950B2E-FF27-42AE-A18D-098BBADA2F49}.Release|x64.Build.0 = Release|x64
		{35950B2E-FF27-42AE-A18D-098BBADA2F49}.Release|x86.ActiveCfg = Release|Win32
		{35950B2E-FF27-42AE-A18D-098BBADA2F49}.Release|x86.Build.0 = Release|Win32
		{3C64A6A9-072F-40F1-A78A-2D4E4BD5BE6E}.Debug|x64.ActiveCfg = Debug|x64
		{3C64A6A9-072F-40F1-A78A-2D4E4BD5BE6E}.Debug|x64.Build.0 = Debug|x64
		{3C64A6A9-072F-40F1-A78A-2D4E4BD5BE6E}.Debug|x86.ActiveCfg = Debug|Win32
		{3C64A6A9-072F-40F1-A78A-2D4E4BD5BE6E}.Debug|x86.Build.0 = Debug|Win32
		{3C64A6A9-072F-40F1-A78A-2D4E4BD5BE6E}.Release|x64.ActiveCfg = Release|x64
		{3C64A6A9-072F-40F1-A78A-2D4E4BD5BE6E}.Release|x64.Build.0 = Release|x64
		{3C64A6A9-072F-40F1-A78A-2D4E4BD5BE6E}.Release|x86.ActiveCfg = Release|Win32
		{3C64A6A9-072F-40F1-A78A-2D4E4BD5BE6E}.Release|x86.Build.0 = Release|Win32
		{2221516A-F922-4327-B0EE-957CE92D9E27}.Debug|x64.ActiveCfg = Debug|x64
		{2221516A-F922-4327-B0EE-957CE92D9E27}.Debug|x64.Build.0 = Debug|x64
		{2221516A-F922-4327-B0EE-957CE92D9E27}.Debug|x86.ActiveCfg = Debug|Win32
		{2221516A-F922-4327-B0EE-957CE92D9E27}.Debug|x86.Build.0 = Debug|Win32
		{2221516A-F922-4327-B0EE-957CE92D9E27}.Release|x64.ActiveCfg = Release|x64
		{2221516A-F922-4327-B0EE-957CE92D9E27}.Release|x64.Build.0 = Release|x64
		{2221516A-F922-4327-B0EE-957CE92D9E27}.Release|x86.ActiveCfg = Release|Win32
		{2221516A-F922-4327-B0EE-957CE92D9E27}.Release|x86.Build.0 = Release|Win32
		{F64ED468-FA55-41F7-8518-F4980A2D4B68}.Debug|x64.ActiveCfg = Debug|x64
		{F64ED468-FA55-41F7-8518-F4980A2D4B68}.Debug|x64.Build.0 = Debug|x64
		{F64ED468-FA55-41F7-8518-F4980A2D4B68}.Debug|x86.ActiveCfg = Debug|Win32
		{F64ED468-FA55-41F7-8518-F4980A2D4B68}.Debug|x86.Build.0 = Debug|Win32
		{F64ED468-FA55-41F7-8518-F4980A2D4B68}.Release|x64.ActiveCfg = Release|x64
		{F64ED468-FA55-41F7-8518-F4980A2D4B68}.Release|x64.Build.0 = Release|x64
		{F64ED468-FA55-41F7-8518-F4980A2D4B68}.Release|x86.ActiveCfg = Release|Win32
		{F64ED468-FA55-41F7-8518-F4980A2D4B68}.Release|x86.Build.0 = Release|Win32
		{488384DC-64D9-4C47-9283-CD00B64EA66A}.Debug|x64.ActiveCfg = Debug|x64
		{488384DC-64D9-4C47-9283-CD00B64EA66A}.Debug|x64.Build.0 = Debug|x64
		{488384DC-64D9-4C47-9283-CD00B64EA66A}.Debug|x86.ActiveCfg = Debug|Win32
		{488384DC-64D9-4C47-9283-CD00B64EA66A}.Debug|x86.Build.0 = Debug|Win32
		{488384DC-64D9-4C47-9283-CD00B64EA66A}.Release|x64.ActiveCfg = Release|x64
		{488384DC-64D9-4C47-9283-CD00B64EA66A}.Release|x64.Build.0 = Release|x64
		{488384DC-64D9-4C47-9283-CD00B64EA66A}.Release|x86.ActiveCfg = Release|Win32
		{488384DC-64D9-4C47-9283-CD00B64EA66A}.Release|x86.Build.0 = Release|Win32
		{AB0498C0-4B04-49C9-B6EE-940038C13680}.Debug|x64.ActiveCfg = Debug|x64
		{AB0498C0-4B04-49C9-B6EE-940038C13680}.Debug|x64.Build.0 = Debug|x64
		{AB0498C0-4B04-49C9-B6EE-940038C13680}.Debug|x86.ActiveCfg = Debug|Win32
		{AB0498C0-4B04-49C9-B6EE-940038C13680}.Debug|x86.Build.0 = Debug|Win32
		{AB0498C0-4B04-49C9-B6EE-940038C13680}.Release|x64.ActiveCfg = Release|x64
		{AB0498C0-4B04-49C9-B6EE-940038C13680}.Release|x64.Build.0 = Release|x64
		{AB0498C0-4B04-49C9-B6EE-940038C13680}.Release|x86.ActiveCfg = Release|Win32
		{AB0498C0-4B04-49C9-B6EE-940038C13680}.Release|x86.Build.0 = Release|Win32
	EndGlobalSection
	GlobalSection(SolutionProperties) = preSolution
		HideSolutionNode = FALSE
	EndGlobalSection
	GlobalSection(ExtensibilityGlobals) = postSolution
		SolutionGuid = {82A973A1-6274-41F2-BEEF-713E9EA5B64C}
	EndGlobalSection
EndGlobal
